
Microsoft Visual Studio Solution File, Format Version 12.00
# Visual Studio Version 17
VisualStudioVersion = 17.11.35327.3
MinimumVisualStudioVersion = 10.0.40219.1
Project("{FAE04EC0-301F-11D3-BF4B-00C04F79EFBC}") = "WebApplicationMVC", "WebApplicationMVC.csproj", "{41556354-AB56-4CA2-B7AE-27AF458A807B}"
EndProject
Global
	GlobalSection(SolutionConfigurationPlatforms) = preSolution
		Debug|Any CPU = Debug|Any CPU
		Release|Any CPU = Release|Any CPU
	EndGlobalSection
	GlobalSection(ProjectConfigurationPlatforms) = postSolution
		{41556354-AB56-4CA2-B7AE-27AF458A807B}.Debug|Any CPU.ActiveCfg = Debug|Any CPU
		{41556354-AB56-4CA2-B7AE-27AF458A807B}.Debug|Any CPU.Build.0 = Debug|Any CPU
		{41556354-AB56-4CA2-B7AE-27AF458A807B}.Release|Any CPU.ActiveCfg = Release|Any CPU
		{41556354-AB56-4CA2-B7AE-27AF458A807B}.Release|Any CPU.Build.0 = Release|Any CPU
	EndGlobalSection
	GlobalSection(SolutionProperties) = preSolution
		HideSolutionNode = FALSE
	EndGlobalSection
	GlobalSection(ExtensibilityGlobals) = postSolution
		SolutionGuid = {4A37111D-C5CA-4AA1-9634-7F2485A5AB39}
	EndGlobalSection
EndGlobal
